// !$*UTF8*$!
{
	archiveVersion = 1;
	classes = {
	};
	objectVersion = 48;
	objects = {

/* Begin PBXBuildFile section */
		02E74C4A1FE451B300D6F892 /* AppDelegate.swift in Sources */ = {isa = PBXBuildFile; fileRef = 02E74C491FE451B300D6F892 /* AppDelegate.swift */; };
		02E74C4C1FE451B300D6F892 /* ViewController.swift in Sources */ = {isa = PBXBuildFile; fileRef = 02E74C4B1FE451B300D6F892 /* ViewController.swift */; };
		02E74C4F1FE451B300D6F892 /* Main.storyboard in Resources */ = {isa = PBXBuildFile; fileRef = 02E74C4D1FE451B300D6F892 /* Main.storyboard */; };
		02E74C511FE451B300D6F892 /* Assets.xcassets in Resources */ = {isa = PBXBuildFile; fileRef = 02E74C501FE451B300D6F892 /* Assets.xcassets */; };
		02E74C541FE451B300D6F892 /* LaunchScreen.storyboard in Resources */ = {isa = PBXBuildFile; fileRef = 02E74C521FE451B300D6F892 /* LaunchScreen.storyboard */; };
		02E74C591FE451B300D6F892 /* HwWProject1 WatchKit App.app in Embed Watch Content */ = {isa = PBXBuildFile; fileRef = 02E74C581FE451B300D6F892 /* HwWProject1 WatchKit App.app */; };
		02E74C5F1FE451B300D6F892 /* Interface.storyboard in Resources */ = {isa = PBXBuildFile; fileRef = 02E74C5D1FE451B300D6F892 /* Interface.storyboard */; };
		02E74C611FE451B300D6F892 /* Assets.xcassets in Resources */ = {isa = PBXBuildFile; fileRef = 02E74C601FE451B300D6F892 /* Assets.xcassets */; };
		02E74C681FE451B300D6F892 /* HwWProject1 WatchKit Extension.appex in Embed App Extensions */ = {isa = PBXBuildFile; fileRef = 02E74C671FE451B300D6F892 /* HwWProject1 WatchKit Extension.appex */; settings = {ATTRIBUTES = (RemoveHeadersOnCopy, ); }; };
		02E74C6D1FE451B300D6F892 /* InterfaceController.swift in Sources */ = {isa = PBXBuildFile; fileRef = 02E74C6C1FE451B300D6F892 /* InterfaceController.swift */; };
		02E74C6F1FE451B300D6F892 /* ExtensionDelegate.swift in Sources */ = {isa = PBXBuildFile; fileRef = 02E74C6E1FE451B300D6F892 /* ExtensionDelegate.swift */; };
		02E74C711FE451B300D6F892 /* Assets.xcassets in Resources */ = {isa = PBXBuildFile; fileRef = 02E74C701FE451B300D6F892 /* Assets.xcassets */; };
		02E74C811FE4582D00D6F892 /* NoteSelectRow.swift in Sources */ = {isa = PBXBuildFile; fileRef = 02E74C801FE4582D00D6F892 /* NoteSelectRow.swift */; };
		02E74C831FE4860000D6F892 /* DetailInterfaceController.swift in Sources */ = {isa = PBXBuildFile; fileRef = 02E74C821FE4860000D6F892 /* DetailInterfaceController.swift */; };
/* End PBXBuildFile section */

/* Begin PBXContainerItemProxy section */
		02E74C5A1FE451B300D6F892 /* PBXContainerItemProxy */ = {
			isa = PBXContainerItemProxy;
			containerPortal = 02E74C3E1FE451B200D6F892 /* Project object */;
			proxyType = 1;
			remoteGlobalIDString = 02E74C571FE451B300D6F892;
			remoteInfo = "HwWProject1 WatchKit App";
		};
		02E74C691FE451B300D6F892 /* PBXContainerItemProxy */ = {
			isa = PBXContainerItemProxy;
			containerPortal = 02E74C3E1FE451B200D6F892 /* Project object */;
			proxyType = 1;
			remoteGlobalIDString = 02E74C661FE451B300D6F892;
			remoteInfo = "HwWProject1 WatchKit Extension";
		};
/* End PBXContainerItemProxy section */

/* Begin PBXCopyFilesBuildPhase section */
		02E74C781FE451B300D6F892 /* Embed App Extensions */ = {
			isa = PBXCopyFilesBuildPhase;
			buildActionMask = 2147483647;
			dstPath = "";
			dstSubfolderSpec = 13;
			files = (
				02E74C681FE451B300D6F892 /* HwWProject1 WatchKit Extension.appex in Embed App Extensions */,
			);
			name = "Embed App Extensions";
			runOnlyForDeploymentPostprocessing = 0;
		};
		02E74C7C1FE451B300D6F892 /* Embed Watch Content */ = {
			isa = PBXCopyFilesBuildPhase;
			buildActionMask = 2147483647;
			dstPath = "$(CONTENTS_FOLDER_PATH)/Watch";
			dstSubfolderSpec = 16;
			files = (
				02E74C591FE451B300D6F892 /* HwWProject1 WatchKit App.app in Embed Watch Content */,
			);
			name = "Embed Watch Content";
			runOnlyForDeploymentPostprocessing = 0;
		};
/* End PBXCopyFilesBuildPhase section */

/* Begin PBXFileReference section */
		02E74C461FE451B300D6F892 /* HwWProject1.app */ = {isa = PBXFileReference; explicitFileType = wrapper.application; includeInIndex = 0; path = HwWProject1.app; sourceTree = BUILT_PRODUCTS_DIR; };
		02E74C491FE451B300D6F892 /* AppDelegate.swift */ = {isa = PBXFileReference; lastKnownFileType = sourcecode.swift; path = AppDelegate.swift; sourceTree = "<group>"; };
		02E74C4B1FE451B300D6F892 /* ViewController.swift */ = {isa = PBXFileReference; lastKnownFileType = sourcecode.swift; path = ViewController.swift; sourceTree = "<group>"; };
		02E74C4E1FE451B300D6F892 /* Base */ = {isa = PBXFileReference; lastKnownFileType = file.storyboard; name = Base; path = Base.lproj/Main.storyboard; sourceTree = "<group>"; };
		02E74C501FE451B300D6F892 /* Assets.xcassets */ = {isa = PBXFileReference; lastKnownFileType = folder.assetcatalog; path = Assets.xcassets; sourceTree = "<group>"; };
		02E74C531FE451B300D6F892 /* Base */ = {isa = PBXFileReference; lastKnownFileType = file.storyboard; name = Base; path = Base.lproj/LaunchScreen.storyboard; sourceTree = "<group>"; };
		02E74C551FE451B300D6F892 /* Info.plist */ = {isa = PBXFileReference; lastKnownFileType = text.plist.xml; path = Info.plist; sourceTree = "<group>"; };
		02E74C581FE451B300D6F892 /* HwWProject1 WatchKit App.app */ = {isa = PBXFileReference; explicitFileType = wrapper.application; includeInIndex = 0; path = "HwWProject1 WatchKit App.app"; sourceTree = BUILT_PRODUCTS_DIR; };
		02E74C5E1FE451B300D6F892 /* Base */ = {isa = PBXFileReference; lastKnownFileType = file.storyboard; name = Base; path = Base.lproj/Interface.storyboard; sourceTree = "<group>"; };
		02E74C601FE451B300D6F892 /* Assets.xcassets */ = {isa = PBXFileReference; lastKnownFileType = folder.assetcatalog; path = Assets.xcassets; sourceTree = "<group>"; };
		02E74C621FE451B300D6F892 /* Info.plist */ = {isa = PBXFileReference; lastKnownFileType = text.plist.xml; path = Info.plist; sourceTree = "<group>"; };
		02E74C671FE451B300D6F892 /* HwWProject1 WatchKit Extension.appex */ = {isa = PBXFileReference; explicitFileType = "wrapper.app-extension"; includeInIndex = 0; path = "HwWProject1 WatchKit Extension.appex"; sourceTree = BUILT_PRODUCTS_DIR; };
		02E74C6C1FE451B300D6F892 /* InterfaceController.swift */ = {isa = PBXFileReference; lastKnownFileType = sourcecode.swift; path = InterfaceController.swift; sourceTree = "<group>"; };
		02E74C6E1FE451B300D6F892 /* ExtensionDelegate.swift */ = {isa = PBXFileReference; lastKnownFileType = sourcecode.swift; path = ExtensionDelegate.swift; sourceTree = "<group>"; };
		02E74C701FE451B300D6F892 /* Assets.xcassets */ = {isa = PBXFileReference; lastKnownFileType = folder.assetcatalog; path = Assets.xcassets; sourceTree = "<group>"; };
		02E74C721FE451B300D6F892 /* Info.plist */ = {isa = PBXFileReference; lastKnownFileType = text.plist.xml; path = Info.plist; sourceTree = "<group>"; };
		02E74C801FE4582D00D6F892 /* NoteSelectRow.swift */ = {isa = PBXFileReference; lastKnownFileType = sourcecode.swift; path = NoteSelectRow.swift; sourceTree = "<group>"; };
		02E74C821FE4860000D6F892 /* DetailInterfaceController.swift */ = {isa = PBXFileReference; lastKnownFileType = sourcecode.swift; path = DetailInterfaceController.swift; sourceTree = "<group>"; };
/* End PBXFileReference section */

/* Begin PBXFrameworksBuildPhase section */
		02E74C431FE451B200D6F892 /* Frameworks */ = {
			isa = PBXFrameworksBuildPhase;
			buildActionMask = 2147483647;
			files = (
			);
			runOnlyForDeploymentPostprocessing = 0;
		};
		02E74C641FE451B300D6F892 /* Frameworks */ = {
			isa = PBXFrameworksBuildPhase;
			buildActionMask = 2147483647;
			files = (
			);
			runOnlyForDeploymentPostprocessing = 0;
		};
/* End PBXFrameworksBuildPhase section */

/* Begin PBXGroup section */
		02E74C3D1FE451B200D6F892 = {
			isa = PBXGroup;
			children = (
				02E74C481FE451B300D6F892 /* HwWProject1 */,
				02E74C5C1FE451B300D6F892 /* HwWProject1 WatchKit App */,
				02E74C6B1FE451B300D6F892 /* HwWProject1 WatchKit Extension */,
				02E74C471FE451B300D6F892 /* Products */,
			);
			sourceTree = "<group>";
		};
		02E74C471FE451B300D6F892 /* Products */ = {
			isa = PBXGroup;
			children = (
				02E74C461FE451B300D6F892 /* HwWProject1.app */,
				02E74C581FE451B300D6F892 /* HwWProject1 WatchKit App.app */,
				02E74C671FE451B300D6F892 /* HwWProject1 WatchKit Extension.appex */,
			);
			name = Products;
			sourceTree = "<group>";
		};
		02E74C481FE451B300D6F892 /* HwWProject1 */ = {
			isa = PBXGroup;
			children = (
				02E74C491FE451B300D6F892 /* AppDelegate.swift */,
				02E74C4B1FE451B300D6F892 /* ViewController.swift */,
				02E74C4D1FE451B300D6F892 /* Main.storyboard */,
				02E74C501FE451B300D6F892 /* Assets.xcassets */,
				02E74C521FE451B300D6F892 /* LaunchScreen.storyboard */,
				02E74C551FE451B300D6F892 /* Info.plist */,
			);
			path = HwWProject1;
			sourceTree = "<group>";
		};
		02E74C5C1FE451B300D6F892 /* HwWProject1 WatchKit App */ = {
			isa = PBXGroup;
			children = (
				02E74C5D1FE451B300D6F892 /* Interface.storyboard */,
				02E74C601FE451B300D6F892 /* Assets.xcassets */,
				02E74C621FE451B300D6F892 /* Info.plist */,
			);
			path = "HwWProject1 WatchKit App";
			sourceTree = "<group>";
		};
		02E74C6B1FE451B300D6F892 /* HwWProject1 WatchKit Extension */ = {
			isa = PBXGroup;
			children = (
				02E74C6C1FE451B300D6F892 /* InterfaceController.swift */,
				02E74C6E1FE451B300D6F892 /* ExtensionDelegate.swift */,
				02E74C821FE4860000D6F892 /* DetailInterfaceController.swift */,
				02E74C801FE4582D00D6F892 /* NoteSelectRow.swift */,
				02E74C701FE451B300D6F892 /* Assets.xcassets */,
				02E74C721FE451B300D6F892 /* Info.plist */,
			);
			path = "HwWProject1 WatchKit Extension";
			sourceTree = "<group>";
		};
/* End PBXGroup section */

/* Begin PBXNativeTarget section */
		02E74C451FE451B200D6F892 /* HwWProject1 */ = {
			isa = PBXNativeTarget;
			buildConfigurationList = 02E74C7D1FE451B300D6F892 /* Build configuration list for PBXNativeTarget "HwWProject1" */;
			buildPhases = (
				02E74C421FE451B200D6F892 /* Sources */,
				02E74C431FE451B200D6F892 /* Frameworks */,
				02E74C441FE451B200D6F892 /* Resources */,
				02E74C7C1FE451B300D6F892 /* Embed Watch Content */,
			);
			buildRules = (
			);
			dependencies = (
				02E74C5B1FE451B300D6F892 /* PBXTargetDependency */,
			);
			name = HwWProject1;
			productName = HwWProject1;
			productReference = 02E74C461FE451B300D6F892 /* HwWProject1.app */;
			productType = "com.apple.product-type.application";
		};
		02E74C571FE451B300D6F892 /* HwWProject1 WatchKit App */ = {
			isa = PBXNativeTarget;
			buildConfigurationList = 02E74C791FE451B300D6F892 /* Build configuration list for PBXNativeTarget "HwWProject1 WatchKit App" */;
			buildPhases = (
				02E74C561FE451B300D6F892 /* Resources */,
				02E74C781FE451B300D6F892 /* Embed App Extensions */,
			);
			buildRules = (
			);
			dependencies = (
				02E74C6A1FE451B300D6F892 /* PBXTargetDependency */,
			);
			name = "HwWProject1 WatchKit App";
			productName = "HwWProject1 WatchKit App";
			productReference = 02E74C581FE451B300D6F892 /* HwWProject1 WatchKit App.app */;
			productType = "com.apple.product-type.application.watchapp2";
		};
		02E74C661FE451B300D6F892 /* HwWProject1 WatchKit Extension */ = {
			isa = PBXNativeTarget;
			buildConfigurationList = 02E74C751FE451B300D6F892 /* Build configuration list for PBXNativeTarget "HwWProject1 WatchKit Extension" */;
			buildPhases = (
				02E74C631FE451B300D6F892 /* Sources */,
				02E74C641FE451B300D6F892 /* Frameworks */,
				02E74C651FE451B300D6F892 /* Resources */,
			);
			buildRules = (
			);
			dependencies = (
			);
			name = "HwWProject1 WatchKit Extension";
			productName = "HwWProject1 WatchKit Extension";
			productReference = 02E74C671FE451B300D6F892 /* HwWProject1 WatchKit Extension.appex */;
			productType = "com.apple.product-type.watchkit2-extension";
		};
/* End PBXNativeTarget section */

/* Begin PBXProject section */
		02E74C3E1FE451B200D6F892 /* Project object */ = {
			isa = PBXProject;
			attributes = {
				LastSwiftUpdateCheck = 0920;
				LastUpgradeCheck = 0920;
				ORGANIZATIONNAME = "Skyler Svendsen";
				TargetAttributes = {
					02E74C451FE451B200D6F892 = {
						CreatedOnToolsVersion = 9.2;
						ProvisioningStyle = Automatic;
					};
					02E74C571FE451B300D6F892 = {
						CreatedOnToolsVersion = 9.2;
						ProvisioningStyle = Automatic;
					};
					02E74C661FE451B300D6F892 = {
						CreatedOnToolsVersion = 9.2;
						ProvisioningStyle = Automatic;
					};
				};
			};
			buildConfigurationList = 02E74C411FE451B200D6F892 /* Build configuration list for PBXProject "HwWProject1" */;
			compatibilityVersion = "Xcode 8.0";
			developmentRegion = en;
			hasScannedForEncodings = 0;
			knownRegions = (
				en,
				Base,
			);
			mainGroup = 02E74C3D1FE451B200D6F892;
			productRefGroup = 02E74C471FE451B300D6F892 /* Products */;
			projectDirPath = "";
			projectRoot = "";
			targets = (
				02E74C451FE451B200D6F892 /* HwWProject1 */,
				02E74C571FE451B300D6F892 /* HwWProject1 WatchKit App */,
				02E74C661FE451B300D6F892 /* HwWProject1 WatchKit Extension */,
			);
		};
/* End PBXProject section */

/* Begin PBXResourcesBuildPhase section */
		02E74C441FE451B200D6F892 /* Resources */ = {
			isa = PBXResourcesBuildPhase;
			buildActionMask = 2147483647;
			files = (
				02E74C541FE451B300D6F892 /* LaunchScreen.storyboard in Resources */,
				02E74C511FE451B300D6F892 /* Assets.xcassets in Resources */,
				02E74C4F1FE451B300D6F892 /* Main.storyboard in Resources */,
			);
			runOnlyForDeploymentPostprocessing = 0;
		};
		02E74C561FE451B300D6F892 /* Resources */ = {
			isa = PBXResourcesBuildPhase;
			buildActionMask = 2147483647;
			files = (
				02E74C611FE451B300D6F892 /* Assets.xcassets in Resources */,
				02E74C5F1FE451B300D6F892 /* Interface.storyboard in Resources */,
			);
			runOnlyForDeploymentPostprocessing = 0;
		};
		02E74C651FE451B300D6F892 /* Resources */ = {
			isa = PBXResourcesBuildPhase;
			buildActionMask = 2147483647;
			files = (
				02E74C711FE451B300D6F892 /* Assets.xcassets in Resources */,
			);
			runOnlyForDeploymentPostprocessing = 0;
		};
/* End PBXResourcesBuildPhase section */

/* Begin PBXSourcesBuildPhase section */
		02E74C421FE451B200D6F892 /* Sources */ = {
			isa = PBXSourcesBuildPhase;
			buildActionMask = 2147483647;
			files = (
				02E74C4C1FE451B300D6F892 /* ViewController.swift in Sources */,
				02E74C4A1FE451B300D6F892 /* AppDelegate.swift in Sources */,
			);
			runOnlyForDeploymentPostprocessing = 0;
		};
		02E74C631FE451B300D6F892 /* Sources */ = {
			isa = PBXSourcesBuildPhase;
			buildActionMask = 2147483647;
			files = (
				02E74C811FE4582D00D6F892 /* NoteSelectRow.swift in Sources */,
				02E74C6F1FE451B300D6F892 /* ExtensionDelegate.swift in Sources */,
				02E74C831FE4860000D6F892 /* DetailInterfaceController.swift in Sources */,
				02E74C6D1FE451B300D6F892 /* InterfaceController.swift in Sources */,
			);
			runOnlyForDeploymentPostprocessing = 0;
		};
/* End PBXSourcesBuildPhase section */

/* Begin PBXTargetDependency section */
		02E74C5B1FE451B300D6F892 /* PBXTargetDependency */ = {
			isa = PBXTargetDependency;
			target = 02E74C571FE451B300D6F892 /* HwWProject1 WatchKit App */;
			targetProxy = 02E74C5A1FE451B300D6F892 /* PBXContainerItemProxy */;
		};
		02E74C6A1FE451B300D6F892 /* PBXTargetDependency */ = {
			isa = PBXTargetDependency;
			target = 02E74C661FE451B300D6F892 /* HwWProject1 WatchKit Extension */;
			targetProxy = 02E74C691FE451B300D6F892 /* PBXContainerItemProxy */;
		};
/* End PBXTargetDependency section */

/* Begin PBXVariantGroup section */
		02E74C4D1FE451B300D6F892 /* Main.storyboard */ = {
			isa = PBXVariantGroup;
			children = (
				02E74C4E1FE451B300D6F892 /* Base */,
			);
			name = Main.storyboard;
			sourceTree = "<group>";
		};
		02E74C521FE451B300D6F892 /* LaunchScreen.storyboard */ = {
			isa = PBXVariantGroup;
			children = (
				02E74C531FE451B300D6F892 /* Base */,
			);
			name = LaunchScreen.storyboard;
			sourceTree = "<group>";
		};
		02E74C5D1FE451B300D6F892 /* Interface.storyboard */ = {
			isa = PBXVariantGroup;
			children = (
				02E74C5E1FE451B300D6F892 /* Base */,
			);
			name = Interface.storyboard;
			sourceTree = "<group>";
		};
/* End PBXVariantGroup section */

/* Begin XCBuildConfiguration section */
		02E74C731FE451B300D6F892 /* Debug */ = {
			isa = XCBuildConfiguration;
			buildSettings = {
				ALWAYS_SEARCH_USER_PATHS = NO;
				CLANG_ANALYZER_NONNULL = YES;
				CLANG_ANALYZER_NUMBER_OBJECT_CONVERSION = YES_AGGRESSIVE;
				CLANG_CXX_LANGUAGE_STANDARD = "gnu++14";
				CLANG_CXX_LIBRARY = "libc++";
				CLANG_ENABLE_MODULES = YES;
				CLANG_ENABLE_OBJC_ARC = YES;
				CLANG_WARN_BLOCK_CAPTURE_AUTORELEASING = YES;
				CLANG_WARN_BOOL_CONVERSION = YES;
				CLANG_WARN_COMMA = YES;
				CLANG_WARN_CONSTANT_CONVERSION = YES;
				CLANG_WARN_DIRECT_OBJC_ISA_USAGE = YES_ERROR;
				CLANG_WARN_DOCUMENTATION_COMMENTS = YES;
				CLANG_WARN_EMPTY_BODY = YES;
				CLANG_WARN_ENUM_CONVERSION = YES;
				CLANG_WARN_INFINITE_RECURSION = YES;
				CLANG_WARN_INT_CONVERSION = YES;
				CLANG_WARN_NON_LITERAL_NULL_CONVERSION = YES;
				CLANG_WARN_OBJC_LITERAL_CONVERSION = YES;
				CLANG_WARN_OBJC_ROOT_CLASS = YES_ERROR;
				CLANG_WARN_RANGE_LOOP_ANALYSIS = YES;
				CLANG_WARN_STRICT_PROTOTYPES = YES;
				CLANG_WARN_SUSPICIOUS_MOVE = YES;
				CLANG_WARN_UNGUARDED_AVAILABILITY = YES_AGGRESSIVE;
				CLANG_WARN_UNREACHABLE_CODE = YES;
				CLANG_WARN__DUPLICATE_METHOD_MATCH = YES;
				CODE_SIGN_IDENTITY = "iPhone Developer";
				COPY_PHASE_STRIP = NO;
				DEBUG_INFORMATION_FORMAT = dwarf;
				ENABLE_STRICT_OBJC_MSGSEND = YES;
				ENABLE_TESTABILITY = YES;
				GCC_C_LANGUAGE_STANDARD = gnu11;
				GCC_DYNAMIC_NO_PIC = NO;
				GCC_NO_COMMON_BLOCKS = YES;
				GCC_OPTIMIZATION_LEVEL = 0;
				GCC_PREPROCESSOR_DEFINITIONS = (
					"DEBUG=1",
					"$(inherited)",
				);
				GCC_WARN_64_TO_32_BIT_CONVERSION = YES;
				GCC_WARN_ABOUT_RETURN_TYPE = YES_ERROR;
				GCC_WARN_UNDECLARED_SELECTOR = YES;
				GCC_WARN_UNINITIALIZED_AUTOS = YES_AGGRESSIVE;
				GCC_WARN_UNUSED_FUNCTION = YES;
				GCC_WARN_UNUSED_VARIABLE = YES;
				IPHONEOS_DEPLOYMENT_TARGET = 11.2;
				MTL_ENABLE_DEBUG_INFO = YES;
				ONLY_ACTIVE_ARCH = YES;
				SDKROOT = iphoneos;
				SWIFT_ACTIVE_COMPILATION_CONDITIONS = DEBUG;
				SWIFT_OPTIMIZATION_LEVEL = "-Onone";
			};
			name = Debug;
		};
		02E74C741FE451B300D6F892 /* Release */ = {
			isa = XCBuildConfiguration;
			buildSettings = {
				ALWAYS_SEARCH_USER_PATHS = NO;
				CLANG_ANALYZER_NONNULL = YES;
				CLANG_ANALYZER_NUMBER_OBJECT_CONVERSION = YES_AGGRESSIVE;
				CLANG_CXX_LANGUAGE_STANDARD = "gnu++14";
				CLANG_CXX_LIBRARY = "libc++";
				CLANG_ENABLE_MODULES = YES;
				CLANG_ENABLE_OBJC_ARC = YES;
				CLANG_WARN_BLOCK_CAPTURE_AUTORELEASING = YES;
				CLANG_WARN_BOOL_CONVERSION = YES;
				CLANG_WARN_COMMA = YES;
				CLANG_WARN_CONSTANT_CONVERSION = YES;
				CLANG_WARN_DIRECT_OBJC_ISA_USAGE = YES_ERROR;
				CLANG_WARN_DOCUMENTATION_COMMENTS = YES;
				CLANG_WARN_EMPTY_BODY = YES;
				CLANG_WARN_ENUM_CONVERSION = YES;
				CLANG_WARN_INFINITE_RECURSION = YES;
				CLANG_WARN_INT_CONVERSION = YES;
				CLANG_WARN_NON_LITERAL_NULL_CONVERSION = YES;
				CLANG_WARN_OBJC_LITERAL_CONVERSION = YES;
				CLANG_WARN_OBJC_ROOT_CLASS = YES_ERROR;
				CLANG_WARN_RANGE_LOOP_ANALYSIS = YES;
				CLANG_WARN_STRICT_PROTOTYPES = YES;
				CLANG_WARN_SUSPICIOUS_MOVE = YES;
				CLANG_WARN_UNGUARDED_AVAILABILITY = YES_AGGRESSIVE;
				CLANG_WARN_UNREACHABLE_CODE = YES;
				CLANG_WARN__DUPLICATE_METHOD_MATCH = YES;
				CODE_SIGN_IDENTITY = "iPhone Developer";
				COPY_PHASE_STRIP = NO;
				DEBUG_INFORMATION_FORMAT = "dwarf-with-dsym";
				ENABLE_NS_ASSERTIONS = NO;
				ENABLE_STRICT_OBJC_MSGSEND = YES;
				GCC_C_LANGUAGE_STANDARD = gnu11;
				GCC_NO_COMMON_BLOCKS = YES;
				GCC_WARN_64_TO_32_BIT_CONVERSION = YES;
				GCC_WARN_ABOUT_RETURN_TYPE = YES_ERROR;
				GCC_WARN_UNDECLARED_SELECTOR = YES;
				GCC_WARN_UNINITIALIZED_AUTOS = YES_AGGRESSIVE;
				GCC_WARN_UNUSED_FUNCTION = YES;
				GCC_WARN_UNUSED_VARIABLE = YES;
				IPHONEOS_DEPLOYMENT_TARGET = 11.2;
				MTL_ENABLE_DEBUG_INFO = NO;
				SDKROOT = iphoneos;
				SWIFT_OPTIMIZATION_LEVEL = "-Owholemodule";
				VALIDATE_PRODUCT = YES;
			};
			name = Release;
		};
		02E74C761FE451B300D6F892 /* Debug */ = {
			isa = XCBuildConfiguration;
			buildSettings = {
				ASSETCATALOG_COMPILER_COMPLICATION_NAME = Complication;
				CODE_SIGN_STYLE = Automatic;
				DEVELOPMENT_TEAM = XF4U8W5J97;
				INFOPLIST_FILE = "HwWProject1 WatchKit Extension/Info.plist";
				LD_RUNPATH_SEARCH_PATHS = "$(inherited) @executable_path/Frameworks @executable_path/../../Frameworks";
				PRODUCT_BUNDLE_IDENTIFIER = SkylerSvendsen.HwWProject1.watchkitapp.watchkitextension;
				PRODUCT_NAME = "${TARGET_NAME}";
				SDKROOT = watchos;
				SKIP_INSTALL = YES;
				SWIFT_VERSION = 4.0;
				TARGETED_DEVICE_FAMILY = 4;
				WATCHOS_DEPLOYMENT_TARGET = 4.2;
			};
			name = Debug;
		};
		02E74C771FE451B300D6F892 /* Release */ = {
			isa = XCBuildConfiguration;
			buildSettings = {
				ASSETCATALOG_COMPILER_COMPLICATION_NAME = Complication;
				CODE_SIGN_STYLE = Automatic;
				DEVELOPMENT_TEAM = XF4U8W5J97;
				INFOPLIST_FILE = "HwWProject1 WatchKit Extension/Info.plist";
				LD_RUNPATH_SEARCH_PATHS = "$(inherited) @executable_path/Frameworks @executable_path/../../Frameworks";
				PRODUCT_BUNDLE_IDENTIFIER = SkylerSvendsen.HwWProject1.watchkitapp.watchkitextension;
				PRODUCT_NAME = "${TARGET_NAME}";
				SDKROOT = watchos;
				SKIP_INSTALL = YES;
				SWIFT_VERSION = 4.0;
				TARGETED_DEVICE_FAMILY = 4;
				WATCHOS_DEPLOYMENT_TARGET = 4.2;
			};
			name = Release;
		};
		02E74C7A1FE451B300D6F892 /* Debug */ = {
			isa = XCBuildConfiguration;
			buildSettings = {
				ALWAYS_EMBED_SWIFT_STANDARD_LIBRARIES = YES;
				ASSETCATALOG_COMPILER_APPICON_NAME = AppIcon;
				CODE_SIGN_STYLE = Automatic;
				DEVELOPMENT_TEAM = XF4U8W5J97;
				IBSC_MODULE = HwWProject1_WatchKit_Extension;
				INFOPLIST_FILE = "HwWProject1 WatchKit App/Info.plist";
				PRODUCT_BUNDLE_IDENTIFIER = SkylerSvendsen.HwWProject1.watchkitapp;
				PRODUCT_NAME = "$(TARGET_NAME)";
				SDKROOT = watchos;
				SKIP_INSTALL = YES;
				SWIFT_VERSION = 4.0;
				TARGETED_DEVICE_FAMILY = 4;
				WATCHOS_DEPLOYMENT_TARGET = 4.2;
			};
			name = Debug;
		};
		02E74C7B1FE451B300D6F892 /* Release */ = {
			isa = XCBuildConfiguration;
			buildSettings = {
				ALWAYS_EMBED_SWIFT_STANDARD_LIBRARIES = YES;
				ASSETCATALOG_COMPILER_APPICON_NAME = AppIcon;
				CODE_SIGN_STYLE = Automatic;
				DEVELOPMENT_TEAM = XF4U8W5J97;
				IBSC_MODULE = HwWProject1_WatchKit_Extension;
				INFOPLIST_FILE = "HwWProject1 WatchKit App/Info.plist";
				PRODUCT_BUNDLE_IDENTIFIER = SkylerSvendsen.HwWProject1.watchkitapp;
				PRODUCT_NAME = "$(TARGET_NAME)";
				SDKROOT = watchos;
				SKIP_INSTALL = YES;
				SWIFT_VERSION = 4.0;
				TARGETED_DEVICE_FAMILY = 4;
				WATCHOS_DEPLOYMENT_TARGET = 4.2;
			};
			name = Release;
		};
		02E74C7E1FE451B300D6F892 /* Debug */ = {
			isa = XCBuildConfiguration;
			buildSettings = {
				ASSETCATALOG_COMPILER_APPICON_NAME = AppIcon;
				CODE_SIGN_STYLE = Automatic;
				DEVELOPMENT_TEAM = XF4U8W5J97;
				INFOPLIST_FILE = HwWProject1/Info.plist;
				LD_RUNPATH_SEARCH_PATHS = "$(inherited) @executable_path/Frameworks";
				PRODUCT_BUNDLE_IDENTIFIER = SkylerSvendsen.HwWProject1;
				PRODUCT_NAME = "$(TARGET_NAME)";
				SWIFT_VERSION = 4.0;
				TARGETED_DEVICE_FAMILY = "1,2";
			};
			name = Debug;
		};
		02E74C7F1FE451B300D6F892 /* Release */ = {
			isa = XCBuildConfiguration;
			buildSettings = {
				ASSETCATALOG_COMPILER_APPICON_NAME = AppIcon;
				CODE_SIGN_STYLE = Automatic;
				DEVELOPMENT_TEAM = XF4U8W5J97;
				INFOPLIST_FILE = HwWProject1/Info.plist;
				LD_RUNPATH_SEARCH_PATHS = "$(inherited) @executable_path/Frameworks";
				PRODUCT_BUNDLE_IDENTIFIER = SkylerSvendsen.HwWProject1;
				PRODUCT_NAME = "$(TARGET_NAME)";
				SWIFT_VERSION = 4.0;
				TARGETED_DEVICE_FAMILY = "1,2";
			};
			name = Release;
		};
/* End XCBuildConfiguration section */

/* Begin XCConfigurationList section */
		02E74C411FE451B200D6F892 /* Build configuration list for PBXProject "HwWProject1" */ = {
			isa = XCConfigurationList;
			buildConfigurations = (
				02E74C731FE451B300D6F892 /* Debug */,
				02E74C741FE451B300D6F892 /* Release */,
			);
			defaultConfigurationIsVisible = 0;
			defaultConfigurationName = Release;
		};
		02E74C751FE451B300D6F892 /* Build configuration list for PBXNativeTarget "HwWProject1 WatchKit Extension" */ = {
			isa = XCConfigurationList;
			buildConfigurations = (
				02E74C761FE451B300D6F892 /* Debug */,
				02E74C771FE451B300D6F892 /* Release */,
			);
			defaultConfigurationIsVisible = 0;
			defaultConfigurationName = Release;
		};
		02E74C791FE451B300D6F892 /* Build configuration list for PBXNativeTarget "HwWProject1 WatchKit App" */ = {
			isa = XCConfigurationList;
			buildConfigurations = (
				02E74C7A1FE451B300D6F892 /* Debug */,
				02E74C7B1FE451B300D6F892 /* Release */,
			);
			defaultConfigurationIsVisible = 0;
			defaultConfigurationName = Release;
		};
		02E74C7D1FE451B300D6F892 /* Build configuration list for PBXNativeTarget "HwWProject1" */ = {
			isa = XCConfigurationList;
			buildConfigurations = (
				02E74C7E1FE451B300D6F892 /* Debug */,
				02E74C7F1FE451B300D6F892 /* Release */,
			);
			defaultConfigurationIsVisible = 0;
			defaultConfigurationName = Release;
		};
/* End XCConfigurationList section */
	};
	rootObject = 02E74C3E1FE451B200D6F892 /* Project object */;
}
